// !$*UTF8*$!
{
	archiveVersion = 1;
	classes = {
	};
	objectVersion = 48;
	objects = {

/* Begin PBXBuildFile section */
		04B313A70D61F368F3C8A8F7 /* Pods_IncubatorUIShopTaskUITests.framework in Frameworks */ = {isa = PBXBuildFile; fileRef = 9804D062090E6F06278A0D77 /* Pods_IncubatorUIShopTaskUITests.framework */; };
		B30585FF20EF4257003BEF61 /* ClothesDetailCollectionViewCell.swift in Sources */ = {isa = PBXBuildFile; fileRef = B30585FE20EF4257003BEF61 /* ClothesDetailCollectionViewCell.swift */; };
		B305860120EF42A8003BEF61 /* ClothesDetailViewController.swift in Sources */ = {isa = PBXBuildFile; fileRef = B305860020EF42A8003BEF61 /* ClothesDetailViewController.swift */; };
		B305860420EFB6FC003BEF61 /* Company.swift in Sources */ = {isa = PBXBuildFile; fileRef = B305860320EFB6FC003BEF61 /* Company.swift */; };
		B305860620EFB79B003BEF61 /* FoodCompany.swift in Sources */ = {isa = PBXBuildFile; fileRef = B305860520EFB79B003BEF61 /* FoodCompany.swift */; };
		B305860820EFB85D003BEF61 /* ClothCompany.swift in Sources */ = {isa = PBXBuildFile; fileRef = B305860720EFB85D003BEF61 /* ClothCompany.swift */; };
		B305860C20EFBEB4003BEF61 /* UIImageView.swift in Sources */ = {isa = PBXBuildFile; fileRef = B305860B20EFBEB4003BEF61 /* UIImageView.swift */; };
		B305860E20EFE5A0003BEF61 /* Cloth.swift in Sources */ = {isa = PBXBuildFile; fileRef = B305860D20EFE5A0003BEF61 /* Cloth.swift */; };
		B305861220F0810E003BEF61 /* SwipingControll.swift in Sources */ = {isa = PBXBuildFile; fileRef = B305861120F0810E003BEF61 /* SwipingControll.swift */; };
		B305861720F093EF003BEF61 /* PageCVCell.swift in Sources */ = {isa = PBXBuildFile; fileRef = B305861620F093EF003BEF61 /* PageCVCell.swift */; };
		B355A57920ECCBE400CC4B7A /* FoodCompanyTableViewController.swift in Sources */ = {isa = PBXBuildFile; fileRef = B355A57820ECCBE400CC4B7A /* FoodCompanyTableViewController.swift */; };
		B355A57B20ECCDA500CC4B7A /* FoodCustomCell.swift in Sources */ = {isa = PBXBuildFile; fileRef = B355A57A20ECCDA500CC4B7A /* FoodCustomCell.swift */; };
		B355A57F20ED537900CC4B7A /* DetailViewController.swift in Sources */ = {isa = PBXBuildFile; fileRef = B355A57E20ED537900CC4B7A /* DetailViewController.swift */; };
		B355A58120EDEF0E00CC4B7A /* DetailFoodCustomCell.swift in Sources */ = {isa = PBXBuildFile; fileRef = B355A58020EDEF0E00CC4B7A /* DetailFoodCustomCell.swift */; };
		B355A59320EE13A700CC4B7A /* CosmosSize.swift in Sources */ = {isa = PBXBuildFile; fileRef = B355A58320EE13A600CC4B7A /* CosmosSize.swift */; };
		B355A59420EE13A700CC4B7A /* CosmosSettings.swift in Sources */ = {isa = PBXBuildFile; fileRef = B355A58420EE13A600CC4B7A /* CosmosSettings.swift */; };
		B355A59520EE13A700CC4B7A /* CosmosLayerHelper.swift in Sources */ = {isa = PBXBuildFile; fileRef = B355A58520EE13A600CC4B7A /* CosmosLayerHelper.swift */; };
		B355A59620EE13A700CC4B7A /* CosmosTouch.swift in Sources */ = {isa = PBXBuildFile; fileRef = B355A58620EE13A600CC4B7A /* CosmosTouch.swift */; };
		B355A59720EE13A700CC4B7A /* CosmosTouchTarget.swift in Sources */ = {isa = PBXBuildFile; fileRef = B355A58720EE13A600CC4B7A /* CosmosTouchTarget.swift */; };
		B355A59820EE13A700CC4B7A /* RightToLeft.swift in Sources */ = {isa = PBXBuildFile; fileRef = B355A58820EE13A600CC4B7A /* RightToLeft.swift */; };
		B355A59920EE13A700CC4B7A /* CosmosView.swift in Sources */ = {isa = PBXBuildFile; fileRef = B355A58920EE13A600CC4B7A /* CosmosView.swift */; };
		B355A59A20EE13A700CC4B7A /* CosmosLocalizedRating.swift in Sources */ = {isa = PBXBuildFile; fileRef = B355A58A20EE13A600CC4B7A /* CosmosLocalizedRating.swift */; };
		B355A59B20EE13A700CC4B7A /* CosmosDefaultSettings.swift in Sources */ = {isa = PBXBuildFile; fileRef = B355A58B20EE13A600CC4B7A /* CosmosDefaultSettings.swift */; };
		B355A59C20EE13A700CC4B7A /* CosmosLayers.swift in Sources */ = {isa = PBXBuildFile; fileRef = B355A58D20EE13A600CC4B7A /* CosmosLayers.swift */; };
		B355A59D20EE13A700CC4B7A /* CosmosText.swift in Sources */ = {isa = PBXBuildFile; fileRef = B355A58E20EE13A700CC4B7A /* CosmosText.swift */; };
		B355A59E20EE13A700CC4B7A /* StarFillMode.swift in Sources */ = {isa = PBXBuildFile; fileRef = B355A58F20EE13A700CC4B7A /* StarFillMode.swift */; };
		B355A59F20EE13A700CC4B7A /* CosmosRating.swift in Sources */ = {isa = PBXBuildFile; fileRef = B355A59020EE13A700CC4B7A /* CosmosRating.swift */; };
		B355A5A020EE13A700CC4B7A /* StarLayer.swift in Sources */ = {isa = PBXBuildFile; fileRef = B355A59120EE13A700CC4B7A /* StarLayer.swift */; };
		B355A5A120EE13A700CC4B7A /* CosmosAccessibility.swift in Sources */ = {isa = PBXBuildFile; fileRef = B355A59220EE13A700CC4B7A /* CosmosAccessibility.swift */; };
		B3ACC0AE20F1421C00D672CD /* basket.swift in Sources */ = {isa = PBXBuildFile; fileRef = B3ACC0AD20F1421C00D672CD /* basket.swift */; };
		B3ACC0B020F14A5E00D672CD /* BasketViewController.swift in Sources */ = {isa = PBXBuildFile; fileRef = B3ACC0AF20F14A5E00D672CD /* BasketViewController.swift */; };
		B3ACC0B420F14EF100D672CD /* BasketsViewController.swift in Sources */ = {isa = PBXBuildFile; fileRef = B3ACC0B320F14EF100D672CD /* BasketsViewController.swift */; };
		B3ACC0B620F1E50300D672CD /* BasketTableViewCell.swift in Sources */ = {isa = PBXBuildFile; fileRef = B3ACC0B520F1E50300D672CD /* BasketTableViewCell.swift */; };
		B3ACC0BA20F3225500D672CD /* PageInformationViewController.swift in Sources */ = {isa = PBXBuildFile; fileRef = B3ACC0B920F3225500D672CD /* PageInformationViewController.swift */; };
		B3BCECFB20EF1D3300D1EC78 /* ClothesTableViewController.swift in Sources */ = {isa = PBXBuildFile; fileRef = B3BCECFA20EF1D3300D1EC78 /* ClothesTableViewController.swift */; };
		B3BCECFD20EF207A00D1EC78 /* ClothesViewCell.swift in Sources */ = {isa = PBXBuildFile; fileRef = B3BCECFC20EF207A00D1EC78 /* ClothesViewCell.swift */; };
		B3F0ADF320ECC0E80032A5C0 /* AppDelegate.swift in Sources */ = {isa = PBXBuildFile; fileRef = B3F0ADF220ECC0E80032A5C0 /* AppDelegate.swift */; };
		B3F0ADF520ECC0E80032A5C0 /* ViewController.swift in Sources */ = {isa = PBXBuildFile; fileRef = B3F0ADF420ECC0E80032A5C0 /* ViewController.swift */; };
		B3F0ADF820ECC0E80032A5C0 /* Main.storyboard in Resources */ = {isa = PBXBuildFile; fileRef = B3F0ADF620ECC0E80032A5C0 /* Main.storyboard */; };
		B3F0ADFA20ECC0E80032A5C0 /* Assets.xcassets in Resources */ = {isa = PBXBuildFile; fileRef = B3F0ADF920ECC0E80032A5C0 /* Assets.xcassets */; };
		B3F0ADFD20ECC0E80032A5C0 /* LaunchScreen.storyboard in Resources */ = {isa = PBXBuildFile; fileRef = B3F0ADFB20ECC0E80032A5C0 /* LaunchScreen.storyboard */; };
		B3F0AE0820ECC0E80032A5C0 /* IncubatorUIShopTaskTests.swift in Sources */ = {isa = PBXBuildFile; fileRef = B3F0AE0720ECC0E80032A5C0 /* IncubatorUIShopTaskTests.swift */; };
		B3F0AE1320ECC0E80032A5C0 /* IncubatorUIShopTaskUITests.swift in Sources */ = {isa = PBXBuildFile; fileRef = B3F0AE1220ECC0E80032A5C0 /* IncubatorUIShopTaskUITests.swift */; };
		CC9CC2B306E6CEACBC986B16 /* Pods_IncubatorUIShopTask.framework in Frameworks */ = {isa = PBXBuildFile; fileRef = EEE930EEC3174E7298681432 /* Pods_IncubatorUIShopTask.framework */; };
		D8A8088A069623C4A0D1FB25 /* Pods_IncubatorUIShopTaskTests.framework in Frameworks */ = {isa = PBXBuildFile; fileRef = D7F11C648CA8D5F8F1994F9D /* Pods_IncubatorUIShopTaskTests.framework */; };
/* End PBXBuildFile section */

/* Begin PBXContainerItemProxy section */
		B3F0AE0420ECC0E80032A5C0 /* PBXContainerItemProxy */ = {
			isa = PBXContainerItemProxy;
			containerPortal = B3F0ADE720ECC0E80032A5C0 /* Project object */;
			proxyType = 1;
			remoteGlobalIDString = B3F0ADEE20ECC0E80032A5C0;
			remoteInfo = IncubatorUIShopTask;
		};
		B3F0AE0F20ECC0E80032A5C0 /* PBXContainerItemProxy */ = {
			isa = PBXContainerItemProxy;
			containerPortal = B3F0ADE720ECC0E80032A5C0 /* Project object */;
			proxyType = 1;
			remoteGlobalIDString = B3F0ADEE20ECC0E80032A5C0;
			remoteInfo = IncubatorUIShopTask;
		};
/* End PBXContainerItemProxy section */

/* Begin PBXFileReference section */
		0615C333185503E16576D499 /* Pods-IncubatorUIShopTaskTests.release.xcconfig */ = {isa = PBXFileReference; includeInIndex = 1; lastKnownFileType = text.xcconfig; name = "Pods-IncubatorUIShopTaskTests.release.xcconfig"; path = "Pods/Target Support Files/Pods-IncubatorUIShopTaskTests/Pods-IncubatorUIShopTaskTests.release.xcconfig"; sourceTree = "<group>"; };
		19D48EAED7FE94500CFFD030 /* Pods-IncubatorUIShopTaskTests.debug.xcconfig */ = {isa = PBXFileReference; includeInIndex = 1; lastKnownFileType = text.xcconfig; name = "Pods-IncubatorUIShopTaskTests.debug.xcconfig"; path = "Pods/Target Support Files/Pods-IncubatorUIShopTaskTests/Pods-IncubatorUIShopTaskTests.debug.xcconfig"; sourceTree = "<group>"; };
		4E23D50A498B38DC3D4C0A4A /* Pods-IncubatorUIShopTaskUITests.release.xcconfig */ = {isa = PBXFileReference; includeInIndex = 1; lastKnownFileType = text.xcconfig; name = "Pods-IncubatorUIShopTaskUITests.release.xcconfig"; path = "Pods/Target Support Files/Pods-IncubatorUIShopTaskUITests/Pods-IncubatorUIShopTaskUITests.release.xcconfig"; sourceTree = "<group>"; };
		6DE1AA488236313CB0021FE1 /* Pods-IncubatorUIShopTask.debug.xcconfig */ = {isa = PBXFileReference; includeInIndex = 1; lastKnownFileType = text.xcconfig; name = "Pods-IncubatorUIShopTask.debug.xcconfig"; path = "Pods/Target Support Files/Pods-IncubatorUIShopTask/Pods-IncubatorUIShopTask.debug.xcconfig"; sourceTree = "<group>"; };
		9804D062090E6F06278A0D77 /* Pods_IncubatorUIShopTaskUITests.framework */ = {isa = PBXFileReference; explicitFileType = wrapper.framework; includeInIndex = 0; path = Pods_IncubatorUIShopTaskUITests.framework; sourceTree = BUILT_PRODUCTS_DIR; };
		B30585FE20EF4257003BEF61 /* ClothesDetailCollectionViewCell.swift */ = {isa = PBXFileReference; lastKnownFileType = sourcecode.swift; path = ClothesDetailCollectionViewCell.swift; sourceTree = "<group>"; };
		B305860020EF42A8003BEF61 /* ClothesDetailViewController.swift */ = {isa = PBXFileReference; lastKnownFileType = sourcecode.swift; path = ClothesDetailViewController.swift; sourceTree = "<group>"; };
		B305860320EFB6FC003BEF61 /* Company.swift */ = {isa = PBXFileReference; lastKnownFileType = sourcecode.swift; path = Company.swift; sourceTree = "<group>"; };
		B305860520EFB79B003BEF61 /* FoodCompany.swift */ = {isa = PBXFileReference; lastKnownFileType = sourcecode.swift; path = FoodCompany.swift; sourceTree = "<group>"; };
		B305860720EFB85D003BEF61 /* ClothCompany.swift */ = {isa = PBXFileReference; lastKnownFileType = sourcecode.swift; path = ClothCompany.swift; sourceTree = "<group>"; };
		B305860B20EFBEB4003BEF61 /* UIImageView.swift */ = {isa = PBXFileReference; lastKnownFileType = sourcecode.swift; path = UIImageView.swift; sourceTree = "<group>"; };
		B305860D20EFE5A0003BEF61 /* Cloth.swift */ = {isa = PBXFileReference; lastKnownFileType = sourcecode.swift; path = Cloth.swift; sourceTree = "<group>"; };
		B305861120F0810E003BEF61 /* SwipingControll.swift */ = {isa = PBXFileReference; lastKnownFileType = sourcecode.swift; path = SwipingControll.swift; sourceTree = "<group>"; };
		B305861620F093EF003BEF61 /* PageCVCell.swift */ = {isa = PBXFileReference; lastKnownFileType = sourcecode.swift; path = PageCVCell.swift; sourceTree = "<group>"; };
		B355A57820ECCBE400CC4B7A /* FoodCompanyTableViewController.swift */ = {isa = PBXFileReference; lastKnownFileType = sourcecode.swift; path = FoodCompanyTableViewController.swift; sourceTree = "<group>"; };
		B355A57A20ECCDA500CC4B7A /* FoodCustomCell.swift */ = {isa = PBXFileReference; lastKnownFileType = sourcecode.swift; path = FoodCustomCell.swift; sourceTree = "<group>"; };
		B355A57E20ED537900CC4B7A /* DetailViewController.swift */ = {isa = PBXFileReference; lastKnownFileType = sourcecode.swift; path = DetailViewController.swift; sourceTree = "<group>"; };
		B355A58020EDEF0E00CC4B7A /* DetailFoodCustomCell.swift */ = {isa = PBXFileReference; lastKnownFileType = sourcecode.swift; path = DetailFoodCustomCell.swift; sourceTree = "<group>"; };
		B355A58320EE13A600CC4B7A /* CosmosSize.swift */ = {isa = PBXFileReference; fileEncoding = 4; lastKnownFileType = sourcecode.swift; path = CosmosSize.swift; sourceTree = "<group>"; };
		B355A58420EE13A600CC4B7A /* CosmosSettings.swift */ = {isa = PBXFileReference; fileEncoding = 4; lastKnownFileType = sourcecode.swift; path = CosmosSettings.swift; sourceTree = "<group>"; };
		B355A58520EE13A600CC4B7A /* CosmosLayerHelper.swift */ = {isa = PBXFileReference; fileEncoding = 4; lastKnownFileType = sourcecode.swift; path = CosmosLayerHelper.swift; sourceTree = "<group>"; };
		B355A58620EE13A600CC4B7A /* CosmosTouch.swift */ = {isa = PBXFileReference; fileEncoding = 4; lastKnownFileType = sourcecode.swift; path = CosmosTouch.swift; sourceTree = "<group>"; };
		B355A58720EE13A600CC4B7A /* CosmosTouchTarget.swift */ = {isa = PBXFileReference; fileEncoding = 4; lastKnownFileType = sourcecode.swift; path = CosmosTouchTarget.swift; sourceTree = "<group>"; };
		B355A58820EE13A600CC4B7A /* RightToLeft.swift */ = {isa = PBXFileReference; fileEncoding = 4; lastKnownFileType = sourcecode.swift; path = RightToLeft.swift; sourceTree = "<group>"; };
		B355A58920EE13A600CC4B7A /* CosmosView.swift */ = {isa = PBXFileReference; fileEncoding = 4; lastKnownFileType = sourcecode.swift; path = CosmosView.swift; sourceTree = "<group>"; };
		B355A58A20EE13A600CC4B7A /* CosmosLocalizedRating.swift */ = {isa = PBXFileReference; fileEncoding = 4; lastKnownFileType = sourcecode.swift; path = CosmosLocalizedRating.swift; sourceTree = "<group>"; };
		B355A58B20EE13A600CC4B7A /* CosmosDefaultSettings.swift */ = {isa = PBXFileReference; fileEncoding = 4; lastKnownFileType = sourcecode.swift; path = CosmosDefaultSettings.swift; sourceTree = "<group>"; };
		B355A58C20EE13A600CC4B7A /* Cosmos.h */ = {isa = PBXFileReference; fileEncoding = 4; lastKnownFileType = sourcecode.c.h; path = Cosmos.h; sourceTree = "<group>"; };
		B355A58D20EE13A600CC4B7A /* CosmosLayers.swift */ = {isa = PBXFileReference; fileEncoding = 4; lastKnownFileType = sourcecode.swift; path = CosmosLayers.swift; sourceTree = "<group>"; };
		B355A58E20EE13A700CC4B7A /* CosmosText.swift */ = {isa = PBXFileReference; fileEncoding = 4; lastKnownFileType = sourcecode.swift; path = CosmosText.swift; sourceTree = "<group>"; };
		B355A58F20EE13A700CC4B7A /* StarFillMode.swift */ = {isa = PBXFileReference; fileEncoding = 4; lastKnownFileType = sourcecode.swift; path = StarFillMode.swift; sourceTree = "<group>"; };
		B355A59020EE13A700CC4B7A /* CosmosRating.swift */ = {isa = PBXFileReference; fileEncoding = 4; lastKnownFileType = sourcecode.swift; path = CosmosRating.swift; sourceTree = "<group>"; };
		B355A59120EE13A700CC4B7A /* StarLayer.swift */ = {isa = PBXFileReference; fileEncoding = 4; lastKnownFileType = sourcecode.swift; path = StarLayer.swift; sourceTree = "<group>"; };
		B355A59220EE13A700CC4B7A /* CosmosAccessibility.swift */ = {isa = PBXFileReference; fileEncoding = 4; lastKnownFileType = sourcecode.swift; path = CosmosAccessibility.swift; sourceTree = "<group>"; };
		B3ACC0AD20F1421C00D672CD /* basket.swift */ = {isa = PBXFileReference; lastKnownFileType = sourcecode.swift; path = basket.swift; sourceTree = "<group>"; };
		B3ACC0AF20F14A5E00D672CD /* BasketViewController.swift */ = {isa = PBXFileReference; lastKnownFileType = sourcecode.swift; path = BasketViewController.swift; sourceTree = "<group>"; };
		B3ACC0B320F14EF100D672CD /* BasketsViewController.swift */ = {isa = PBXFileReference; lastKnownFileType = sourcecode.swift; path = BasketsViewController.swift; sourceTree = "<group>"; };
		B3ACC0B520F1E50300D672CD /* BasketTableViewCell.swift */ = {isa = PBXFileReference; lastKnownFileType = sourcecode.swift; path = BasketTableViewCell.swift; sourceTree = "<group>"; };
		B3ACC0B920F3225500D672CD /* PageInformationViewController.swift */ = {isa = PBXFileReference; lastKnownFileType = sourcecode.swift; path = PageInformationViewController.swift; sourceTree = "<group>"; };
		B3BCECFA20EF1D3300D1EC78 /* ClothesTableViewController.swift */ = {isa = PBXFileReference; lastKnownFileType = sourcecode.swift; path = ClothesTableViewController.swift; sourceTree = "<group>"; };
		B3BCECFC20EF207A00D1EC78 /* ClothesViewCell.swift */ = {isa = PBXFileReference; lastKnownFileType = sourcecode.swift; path = ClothesViewCell.swift; sourceTree = "<group>"; };
		B3F0ADEF20ECC0E80032A5C0 /* IncubatorUIShopTask.app */ = {isa = PBXFileReference; explicitFileType = wrapper.application; includeInIndex = 0; path = IncubatorUIShopTask.app; sourceTree = BUILT_PRODUCTS_DIR; };
		B3F0ADF220ECC0E80032A5C0 /* AppDelegate.swift */ = {isa = PBXFileReference; lastKnownFileType = sourcecode.swift; path = AppDelegate.swift; sourceTree = "<group>"; };
		B3F0ADF420ECC0E80032A5C0 /* ViewController.swift */ = {isa = PBXFileReference; lastKnownFileType = sourcecode.swift; path = ViewController.swift; sourceTree = "<group>"; };
		B3F0ADF720ECC0E80032A5C0 /* Base */ = {isa = PBXFileReference; lastKnownFileType = file.storyboard; name = Base; path = Base.lproj/Main.storyboard; sourceTree = "<group>"; };
		B3F0ADF920ECC0E80032A5C0 /* Assets.xcassets */ = {isa = PBXFileReference; lastKnownFileType = folder.assetcatalog; path = Assets.xcassets; sourceTree = "<group>"; };
		B3F0ADFC20ECC0E80032A5C0 /* Base */ = {isa = PBXFileReference; lastKnownFileType = file.storyboard; name = Base; path = Base.lproj/LaunchScreen.storyboard; sourceTree = "<group>"; };
		B3F0ADFE20ECC0E80032A5C0 /* Info.plist */ = {isa = PBXFileReference; lastKnownFileType = text.plist.xml; path = Info.plist; sourceTree = "<group>"; };
		B3F0AE0320ECC0E80032A5C0 /* IncubatorUIShopTaskTests.xctest */ = {isa = PBXFileReference; explicitFileType = wrapper.cfbundle; includeInIndex = 0; path = IncubatorUIShopTaskTests.xctest; sourceTree = BUILT_PRODUCTS_DIR; };
		B3F0AE0720ECC0E80032A5C0 /* IncubatorUIShopTaskTests.swift */ = {isa = PBXFileReference; lastKnownFileType = sourcecode.swift; path = IncubatorUIShopTaskTests.swift; sourceTree = "<group>"; };
		B3F0AE0920ECC0E80032A5C0 /* Info.plist */ = {isa = PBXFileReference; lastKnownFileType = text.plist.xml; path = Info.plist; sourceTree = "<group>"; };
		B3F0AE0E20ECC0E80032A5C0 /* IncubatorUIShopTaskUITests.xctest */ = {isa = PBXFileReference; explicitFileType = wrapper.cfbundle; includeInIndex = 0; path = IncubatorUIShopTaskUITests.xctest; sourceTree = BUILT_PRODUCTS_DIR; };
		B3F0AE1220ECC0E80032A5C0 /* IncubatorUIShopTaskUITests.swift */ = {isa = PBXFileReference; lastKnownFileType = sourcecode.swift; path = IncubatorUIShopTaskUITests.swift; sourceTree = "<group>"; };
		B3F0AE1420ECC0E80032A5C0 /* Info.plist */ = {isa = PBXFileReference; lastKnownFileType = text.plist.xml; path = Info.plist; sourceTree = "<group>"; };
		BD05A62264414AD727AAAFA3 /* Pods-IncubatorUIShopTask.release.xcconfig */ = {isa = PBXFileReference; includeInIndex = 1; lastKnownFileType = text.xcconfig; name = "Pods-IncubatorUIShopTask.release.xcconfig"; path = "Pods/Target Support Files/Pods-IncubatorUIShopTask/Pods-IncubatorUIShopTask.release.xcconfig"; sourceTree = "<group>"; };
		BD39B2A9C10FD906476E6A06 /* Pods-IncubatorUIShopTaskUITests.debug.xcconfig */ = {isa = PBXFileReference; includeInIndex = 1; lastKnownFileType = text.xcconfig; name = "Pods-IncubatorUIShopTaskUITests.debug.xcconfig"; path = "Pods/Target Support Files/Pods-IncubatorUIShopTaskUITests/Pods-IncubatorUIShopTaskUITests.debug.xcconfig"; sourceTree = "<group>"; };
		D7F11C648CA8D5F8F1994F9D /* Pods_IncubatorUIShopTaskTests.framework */ = {isa = PBXFileReference; explicitFileType = wrapper.framework; includeInIndex = 0; path = Pods_IncubatorUIShopTaskTests.framework; sourceTree = BUILT_PRODUCTS_DIR; };
		EEE930EEC3174E7298681432 /* Pods_IncubatorUIShopTask.framework */ = {isa = PBXFileReference; explicitFileType = wrapper.framework; includeInIndex = 0; path = Pods_IncubatorUIShopTask.framework; sourceTree = BUILT_PRODUCTS_DIR; };
/* End PBXFileReference section */

/* Begin PBXFrameworksBuildPhase section */
		B3F0ADEC20ECC0E80032A5C0 /* Frameworks */ = {
			isa = PBXFrameworksBuildPhase;
			buildActionMask = 2147483647;
			files = (
				CC9CC2B306E6CEACBC986B16 /* Pods_IncubatorUIShopTask.framework in Frameworks */,
			);
			runOnlyForDeploymentPostprocessing = 0;
		};
		B3F0AE0020ECC0E80032A5C0 /* Frameworks */ = {
			isa = PBXFrameworksBuildPhase;
			buildActionMask = 2147483647;
			files = (
				D8A8088A069623C4A0D1FB25 /* Pods_IncubatorUIShopTaskTests.framework in Frameworks */,
			);
			runOnlyForDeploymentPostprocessing = 0;
		};
		B3F0AE0B20ECC0E80032A5C0 /* Frameworks */ = {
			isa = PBXFrameworksBuildPhase;
			buildActionMask = 2147483647;
			files = (
				04B313A70D61F368F3C8A8F7 /* Pods_IncubatorUIShopTaskUITests.framework in Frameworks */,
			);
			runOnlyForDeploymentPostprocessing = 0;
		};
/* End PBXFrameworksBuildPhase section */

/* Begin PBXGroup section */
		6390215EFD36AD2F039445BC /* Frameworks */ = {
			isa = PBXGroup;
			children = (
				EEE930EEC3174E7298681432 /* Pods_IncubatorUIShopTask.framework */,
				D7F11C648CA8D5F8F1994F9D /* Pods_IncubatorUIShopTaskTests.framework */,
				9804D062090E6F06278A0D77 /* Pods_IncubatorUIShopTaskUITests.framework */,
			);
			name = Frameworks;
			sourceTree = "<group>";
		};
		B305860220EFB65B003BEF61 /* Model */ = {
			isa = PBXGroup;
			children = (
				B305860320EFB6FC003BEF61 /* Company.swift */,
				B305860520EFB79B003BEF61 /* FoodCompany.swift */,
				B305860720EFB85D003BEF61 /* ClothCompany.swift */,
				B305860D20EFE5A0003BEF61 /* Cloth.swift */,
				B3ACC0AD20F1421C00D672CD /* basket.swift */,
			);
			path = Model;
			sourceTree = "<group>";
		};
		B305860920EFBE9F003BEF61 /* Extension */ = {
			isa = PBXGroup;
			children = (
				B305860B20EFBEB4003BEF61 /* UIImageView.swift */,
			);
			path = Extension;
			sourceTree = "<group>";
		};
		B305861320F082DF003BEF61 /* swipe_PageControll */ = {
			isa = PBXGroup;
			children = (
				B305861120F0810E003BEF61 /* SwipingControll.swift */,
				B305861620F093EF003BEF61 /* PageCVCell.swift */,
			);
			path = swipe_PageControll;
			sourceTree = "<group>";
		};
		B355A58220EE12F300CC4B7A /* cosmos */ = {
			isa = PBXGroup;
			children = (
				B355A58C20EE13A600CC4B7A /* Cosmos.h */,
				B355A59220EE13A700CC4B7A /* CosmosAccessibility.swift */,
				B355A58B20EE13A600CC4B7A /* CosmosDefaultSettings.swift */,
				B355A58520EE13A600CC4B7A /* CosmosLayerHelper.swift */,
				B355A58D20EE13A600CC4B7A /* CosmosLayers.swift */,
				B355A58A20EE13A600CC4B7A /* CosmosLocalizedRating.swift */,
				B355A59020EE13A700CC4B7A /* CosmosRating.swift */,
				B355A58420EE13A600CC4B7A /* CosmosSettings.swift */,
				B355A58320EE13A600CC4B7A /* CosmosSize.swift */,
				B355A58E20EE13A700CC4B7A /* CosmosText.swift */,
				B355A58620EE13A600CC4B7A /* CosmosTouch.swift */,
				B355A58720EE13A600CC4B7A /* CosmosTouchTarget.swift */,
				B355A58920EE13A600CC4B7A /* CosmosView.swift */,
				B355A58820EE13A600CC4B7A /* RightToLeft.swift */,
				B355A58F20EE13A700CC4B7A /* StarFillMode.swift */,
				B355A59120EE13A700CC4B7A /* StarLayer.swift */,
			);
			path = cosmos;
			sourceTree = "<group>";
		};
		B3ACC0AC20F13B0B00D672CD /* basket */ = {
			isa = PBXGroup;
			children = (
				B3ACC0B320F14EF100D672CD /* BasketsViewController.swift */,
				B3ACC0B520F1E50300D672CD /* BasketTableViewCell.swift */,
			);
			path = basket;
			sourceTree = "<group>";
		};
		B3BCECF820EF1CF000D1EC78 /* Food */ = {
			isa = PBXGroup;
			children = (
				B355A57E20ED537900CC4B7A /* DetailViewController.swift */,
				B355A58020EDEF0E00CC4B7A /* DetailFoodCustomCell.swift */,
				B355A57820ECCBE400CC4B7A /* FoodCompanyTableViewController.swift */,
				B355A57A20ECCDA500CC4B7A /* FoodCustomCell.swift */,
			);
			path = Food;
			sourceTree = "<group>";
		};
		B3BCECF920EF1D0C00D1EC78 /* Clothes */ = {
			isa = PBXGroup;
			children = (
				B305861320F082DF003BEF61 /* swipe_PageControll */,
				B3BCECFA20EF1D3300D1EC78 /* ClothesTableViewController.swift */,
				B3BCECFC20EF207A00D1EC78 /* ClothesViewCell.swift */,
				B30585FE20EF4257003BEF61 /* ClothesDetailCollectionViewCell.swift */,
				B305860020EF42A8003BEF61 /* ClothesDetailViewController.swift */,
			);
			path = Clothes;
			sourceTree = "<group>";
		};
		B3F0ADE620ECC0E80032A5C0 = {
			isa = PBXGroup;
			children = (
				B3F0ADF120ECC0E80032A5C0 /* IncubatorUIShopTask */,
				B3F0AE0620ECC0E80032A5C0 /* IncubatorUIShopTaskTests */,
				B3F0AE1120ECC0E80032A5C0 /* IncubatorUIShopTaskUITests */,
				B3F0ADF020ECC0E80032A5C0 /* Products */,
				FA931ED7CA90C099B28A3FFE /* Pods */,
				6390215EFD36AD2F039445BC /* Frameworks */,
			);
			sourceTree = "<group>";
		};
		B3F0ADF020ECC0E80032A5C0 /* Products */ = {
			isa = PBXGroup;
			children = (
				B3F0ADEF20ECC0E80032A5C0 /* IncubatorUIShopTask.app */,
				B3F0AE0320ECC0E80032A5C0 /* IncubatorUIShopTaskTests.xctest */,
				B3F0AE0E20ECC0E80032A5C0 /* IncubatorUIShopTaskUITests.xctest */,
			);
			name = Products;
			sourceTree = "<group>";
		};
		B3F0ADF120ECC0E80032A5C0 /* IncubatorUIShopTask */ = {
			isa = PBXGroup;
			children = (
				B3ACC0AC20F13B0B00D672CD /* basket */,
				B305860920EFBE9F003BEF61 /* Extension */,
				B305860220EFB65B003BEF61 /* Model */,
				B3BCECF920EF1D0C00D1EC78 /* Clothes */,
				B3BCECF820EF1CF000D1EC78 /* Food */,
				B355A58220EE12F300CC4B7A /* cosmos */,
				B3F0ADF220ECC0E80032A5C0 /* AppDelegate.swift */,
				B3F0ADF420ECC0E80032A5C0 /* ViewController.swift */,
				B3F0ADF620ECC0E80032A5C0 /* Main.storyboard */,
				B3F0ADF920ECC0E80032A5C0 /* Assets.xcassets */,
				B3F0ADFB20ECC0E80032A5C0 /* LaunchScreen.storyboard */,
				B3F0ADFE20ECC0E80032A5C0 /* Info.plist */,
				B3ACC0AF20F14A5E00D672CD /* BasketViewController.swift */,
				B3ACC0B920F3225500D672CD /* PageInformationViewController.swift */,
			);
			path = IncubatorUIShopTask;
			sourceTree = "<group>";
		};
		B3F0AE0620ECC0E80032A5C0 /* IncubatorUIShopTaskTests */ = {
			isa = PBXGroup;
			children = (
				B3F0AE0720ECC0E80032A5C0 /* IncubatorUIShopTaskTests.swift */,
				B3F0AE0920ECC0E80032A5C0 /* Info.plist */,
			);
			path = IncubatorUIShopTaskTests;
			sourceTree = "<group>";
		};
		B3F0AE1120ECC0E80032A5C0 /* IncubatorUIShopTaskUITests */ = {
			isa = PBXGroup;
			children = (
				B3F0AE1220ECC0E80032A5C0 /* IncubatorUIShopTaskUITests.swift */,
				B3F0AE1420ECC0E80032A5C0 /* Info.plist */,
			);
			path = IncubatorUIShopTaskUITests;
			sourceTree = "<group>";
		};
		FA931ED7CA90C099B28A3FFE /* Pods */ = {
			isa = PBXGroup;
			children = (
				6DE1AA488236313CB0021FE1 /* Pods-IncubatorUIShopTask.debug.xcconfig */,
				BD05A62264414AD727AAAFA3 /* Pods-IncubatorUIShopTask.release.xcconfig */,
				19D48EAED7FE94500CFFD030 /* Pods-IncubatorUIShopTaskTests.debug.xcconfig */,
				0615C333185503E16576D499 /* Pods-IncubatorUIShopTaskTests.release.xcconfig */,
				BD39B2A9C10FD906476E6A06 /* Pods-IncubatorUIShopTaskUITests.debug.xcconfig */,
				4E23D50A498B38DC3D4C0A4A /* Pods-IncubatorUIShopTaskUITests.release.xcconfig */,
			);
			name = Pods;
			sourceTree = "<group>";
		};
/* End PBXGroup section */

/* Begin PBXNativeTarget section */
		B3F0ADEE20ECC0E80032A5C0 /* IncubatorUIShopTask */ = {
			isa = PBXNativeTarget;
			buildConfigurationList = B3F0AE1720ECC0E80032A5C0 /* Build configuration list for PBXNativeTarget "IncubatorUIShopTask" */;
			buildPhases = (
				53D61A1D9263C84E6136CA18 /* [CP] Check Pods Manifest.lock */,
				B3F0ADEB20ECC0E80032A5C0 /* Sources */,
				B3F0ADEC20ECC0E80032A5C0 /* Frameworks */,
				B3F0ADED20ECC0E80032A5C0 /* Resources */,
				DA836C46DEB3A43DEA5B6C94 /* [CP] Embed Pods Frameworks */,
			);
			buildRules = (
			);
			dependencies = (
			);
			name = IncubatorUIShopTask;
			productName = IncubatorUIShopTask;
			productReference = B3F0ADEF20ECC0E80032A5C0 /* IncubatorUIShopTask.app */;
			productType = "com.apple.product-type.application";
		};
		B3F0AE0220ECC0E80032A5C0 /* IncubatorUIShopTaskTests */ = {
			isa = PBXNativeTarget;
			buildConfigurationList = B3F0AE1A20ECC0E80032A5C0 /* Build configuration list for PBXNativeTarget "IncubatorUIShopTaskTests" */;
			buildPhases = (
				61D6EEF39CD80EAF47C39938 /* [CP] Check Pods Manifest.lock */,
				B3F0ADFF20ECC0E80032A5C0 /* Sources */,
				B3F0AE0020ECC0E80032A5C0 /* Frameworks */,
				B3F0AE0120ECC0E80032A5C0 /* Resources */,
			);
			buildRules = (
			);
			dependencies = (
				B3F0AE0520ECC0E80032A5C0 /* PBXTargetDependency */,
			);
			name = IncubatorUIShopTaskTests;
			productName = IncubatorUIShopTaskTests;
			productReference = B3F0AE0320ECC0E80032A5C0 /* IncubatorUIShopTaskTests.xctest */;
			productType = "com.apple.product-type.bundle.unit-test";
		};
		B3F0AE0D20ECC0E80032A5C0 /* IncubatorUIShopTaskUITests */ = {
			isa = PBXNativeTarget;
			buildConfigurationList = B3F0AE1D20ECC0E80032A5C0 /* Build configuration list for PBXNativeTarget "IncubatorUIShopTaskUITests" */;
			buildPhases = (
				0E87341063580C8C379A3E61 /* [CP] Check Pods Manifest.lock */,
				B3F0AE0A20ECC0E80032A5C0 /* Sources */,
				B3F0AE0B20ECC0E80032A5C0 /* Frameworks */,
				B3F0AE0C20ECC0E80032A5C0 /* Resources */,
			);
			buildRules = (
			);
			dependencies = (
				B3F0AE1020ECC0E80032A5C0 /* PBXTargetDependency */,
			);
			name = IncubatorUIShopTaskUITests;
			productName = IncubatorUIShopTaskUITests;
			productReference = B3F0AE0E20ECC0E80032A5C0 /* IncubatorUIShopTaskUITests.xctest */;
			productType = "com.apple.product-type.bundle.ui-testing";
		};
/* End PBXNativeTarget section */

/* Begin PBXProject section */
		B3F0ADE720ECC0E80032A5C0 /* Project object */ = {
			isa = PBXProject;
			attributes = {
				LastSwiftUpdateCheck = 0920;
				LastUpgradeCheck = 0920;
				ORGANIZATIONNAME = "Жанибек";
				TargetAttributes = {
					B3F0ADEE20ECC0E80032A5C0 = {
						CreatedOnToolsVersion = 9.2;
						ProvisioningStyle = Automatic;
					};
					B3F0AE0220ECC0E80032A5C0 = {
						CreatedOnToolsVersion = 9.2;
						ProvisioningStyle = Automatic;
						TestTargetID = B3F0ADEE20ECC0E80032A5C0;
					};
					B3F0AE0D20ECC0E80032A5C0 = {
						CreatedOnToolsVersion = 9.2;
						ProvisioningStyle = Automatic;
						TestTargetID = B3F0ADEE20ECC0E80032A5C0;
					};
				};
			};
			buildConfigurationList = B3F0ADEA20ECC0E80032A5C0 /* Build configuration list for PBXProject "IncubatorUIShopTask" */;
			compatibilityVersion = "Xcode 8.0";
			developmentRegion = en;
			hasScannedForEncodings = 0;
			knownRegions = (
				en,
				Base,
			);
			mainGroup = B3F0ADE620ECC0E80032A5C0;
			productRefGroup = B3F0ADF020ECC0E80032A5C0 /* Products */;
			projectDirPath = "";
			projectRoot = "";
			targets = (
				B3F0ADEE20ECC0E80032A5C0 /* IncubatorUIShopTask */,
				B3F0AE0220ECC0E80032A5C0 /* IncubatorUIShopTaskTests */,
				B3F0AE0D20ECC0E80032A5C0 /* IncubatorUIShopTaskUITests */,
			);
		};
/* End PBXProject section */

/* Begin PBXResourcesBuildPhase section */
		B3F0ADED20ECC0E80032A5C0 /* Resources */ = {
			isa = PBXResourcesBuildPhase;
			buildActionMask = 2147483647;
			files = (
				B3F0ADFD20ECC0E80032A5C0 /* LaunchScreen.storyboard in Resources */,
				B3F0ADFA20ECC0E80032A5C0 /* Assets.xcassets in Resources */,
				B3F0ADF820ECC0E80032A5C0 /* Main.storyboard in Resources */,
			);
			runOnlyForDeploymentPostprocessing = 0;
		};
		B3F0AE0120ECC0E80032A5C0 /* Resources */ = {
			isa = PBXResourcesBuildPhase;
			buildActionMask = 2147483647;
			files = (
			);
			runOnlyForDeploymentPostprocessing = 0;
		};
		B3F0AE0C20ECC0E80032A5C0 /* Resources */ = {
			isa = PBXResourcesBuildPhase;
			buildActionMask = 2147483647;
			files = (
			);
			runOnlyForDeploymentPostprocessing = 0;
		};
/* End PBXResourcesBuildPhase section */

/* Begin PBXShellScriptBuildPhase section */
		0E87341063580C8C379A3E61 /* [CP] Check Pods Manifest.lock */ = {
			isa = PBXShellScriptBuildPhase;
			buildActionMask = 2147483647;
			files = (
			);
			inputPaths = (
				"${PODS_PODFILE_DIR_PATH}/Podfile.lock",
				"${PODS_ROOT}/Manifest.lock",
			);
			name = "[CP] Check Pods Manifest.lock";
			outputPaths = (
				"$(DERIVED_FILE_DIR)/Pods-IncubatorUIShopTaskUITests-checkManifestLockResult.txt",
			);
			runOnlyForDeploymentPostprocessing = 0;
			shellPath = /bin/sh;
			shellScript = "diff \"${PODS_PODFILE_DIR_PATH}/Podfile.lock\" \"${PODS_ROOT}/Manifest.lock\" > /dev/null\nif [ $? != 0 ] ; then\n    # print error to STDERR\n    echo \"error: The sandbox is not in sync with the Podfile.lock. Run 'pod install' or update your CocoaPods installation.\" >&2\n    exit 1\nfi\n# This output is used by Xcode 'outputs' to avoid re-running this script phase.\necho \"SUCCESS\" > \"${SCRIPT_OUTPUT_FILE_0}\"\n";
			showEnvVarsInLog = 0;
		};
		53D61A1D9263C84E6136CA18 /* [CP] Check Pods Manifest.lock */ = {
			isa = PBXShellScriptBuildPhase;
			buildActionMask = 2147483647;
			files = (
			);
			inputPaths = (
				"${PODS_PODFILE_DIR_PATH}/Podfile.lock",
				"${PODS_ROOT}/Manifest.lock",
			);
			name = "[CP] Check Pods Manifest.lock";
			outputPaths = (
				"$(DERIVED_FILE_DIR)/Pods-IncubatorUIShopTask-checkManifestLockResult.txt",
			);
			runOnlyForDeploymentPostprocessing = 0;
			shellPath = /bin/sh;
			shellScript = "diff \"${PODS_PODFILE_DIR_PATH}/Podfile.lock\" \"${PODS_ROOT}/Manifest.lock\" > /dev/null\nif [ $? != 0 ] ; then\n    # print error to STDERR\n    echo \"error: The sandbox is not in sync with the Podfile.lock. Run 'pod install' or update your CocoaPods installation.\" >&2\n    exit 1\nfi\n# This output is used by Xcode 'outputs' to avoid re-running this script phase.\necho \"SUCCESS\" > \"${SCRIPT_OUTPUT_FILE_0}\"\n";
			showEnvVarsInLog = 0;
		};
		61D6EEF39CD80EAF47C39938 /* [CP] Check Pods Manifest.lock */ = {
			isa = PBXShellScriptBuildPhase;
			buildActionMask = 2147483647;
			files = (
			);
			inputPaths = (
				"${PODS_PODFILE_DIR_PATH}/Podfile.lock",
				"${PODS_ROOT}/Manifest.lock",
			);
			name = "[CP] Check Pods Manifest.lock";
			outputPaths = (
				"$(DERIVED_FILE_DIR)/Pods-IncubatorUIShopTaskTests-checkManifestLockResult.txt",
			);
			runOnlyForDeploymentPostprocessing = 0;
			shellPath = /bin/sh;
			shellScript = "diff \"${PODS_PODFILE_DIR_PATH}/Podfile.lock\" \"${PODS_ROOT}/Manifest.lock\" > /dev/null\nif [ $? != 0 ] ; then\n    # print error to STDERR\n    echo \"error: The sandbox is not in sync with the Podfile.lock. Run 'pod install' or update your CocoaPods installation.\" >&2\n    exit 1\nfi\n# This output is used by Xcode 'outputs' to avoid re-running this script phase.\necho \"SUCCESS\" > \"${SCRIPT_OUTPUT_FILE_0}\"\n";
			showEnvVarsInLog = 0;
		};
		DA836C46DEB3A43DEA5B6C94 /* [CP] Embed Pods Frameworks */ = {
			isa = PBXShellScriptBuildPhase;
			buildActionMask = 2147483647;
			files = (
			);
			inputPaths = (
				"${SRCROOT}/Pods/Target Support Files/Pods-IncubatorUIShopTask/Pods-IncubatorUIShopTask-frameworks.sh",
				"${BUILT_PRODUCTS_DIR}/Alamofire/Alamofire.framework",
				"${BUILT_PRODUCTS_DIR}/AlamofireImage/AlamofireImage.framework",
				"${BUILT_PRODUCTS_DIR}/Kingfisher/Kingfisher.framework",
				"${BUILT_PRODUCTS_DIR}/SwiftyJSON/SwiftyJSON.framework",
			);
			name = "[CP] Embed Pods Frameworks";
			outputPaths = (
				"${TARGET_BUILD_DIR}/${FRAMEWORKS_FOLDER_PATH}/Alamofire.framework",
				"${TARGET_BUILD_DIR}/${FRAMEWORKS_FOLDER_PATH}/AlamofireImage.framework",
				"${TARGET_BUILD_DIR}/${FRAMEWORKS_FOLDER_PATH}/Kingfisher.framework",
				"${TARGET_BUILD_DIR}/${FRAMEWORKS_FOLDER_PATH}/SwiftyJSON.framework",
			);
			runOnlyForDeploymentPostprocessing = 0;
			shellPath = /bin/sh;
			shellScript = "\"${SRCROOT}/Pods/Target Support Files/Pods-IncubatorUIShopTask/Pods-IncubatorUIShopTask-frameworks.sh\"\n";
			showEnvVarsInLog = 0;
		};
/* End PBXShellScriptBuildPhase section */

/* Begin PBXSourcesBuildPhase section */
		B3F0ADEB20ECC0E80032A5C0 /* Sources */ = {
			isa = PBXSourcesBuildPhase;
			buildActionMask = 2147483647;
			files = (
				B3ACC0BA20F3225500D672CD /* PageInformationViewController.swift in Sources */,
				B3ACC0B020F14A5E00D672CD /* BasketViewController.swift in Sources */,
				B3ACC0B620F1E50300D672CD /* BasketTableViewCell.swift in Sources */,
				B3BCECFD20EF207A00D1EC78 /* ClothesViewCell.swift in Sources */,
				B3F0ADF520ECC0E80032A5C0 /* ViewController.swift in Sources */,
				B355A59F20EE13A700CC4B7A /* CosmosRating.swift in Sources */,
				B355A59C20EE13A700CC4B7A /* CosmosLayers.swift in Sources */,
				B305860E20EFE5A0003BEF61 /* Cloth.swift in Sources */,
				B30585FF20EF4257003BEF61 /* ClothesDetailCollectionViewCell.swift in Sources */,
				B355A5A120EE13A700CC4B7A /* CosmosAccessibility.swift in Sources */,
				B305860420EFB6FC003BEF61 /* Company.swift in Sources */,
				B355A59720EE13A700CC4B7A /* CosmosTouchTarget.swift in Sources */,
				B355A59D20EE13A700CC4B7A /* CosmosText.swift in Sources */,
				B355A59520EE13A700CC4B7A /* CosmosLayerHelper.swift in Sources */,
				B355A57920ECCBE400CC4B7A /* FoodCompanyTableViewController.swift in Sources */,
				B355A59620EE13A700CC4B7A /* CosmosTouch.swift in Sources */,
				B3BCECFB20EF1D3300D1EC78 /* ClothesTableViewController.swift in Sources */,
				B355A59B20EE13A700CC4B7A /* CosmosDefaultSettings.swift in Sources */,
				B355A5A020EE13A700CC4B7A /* StarLayer.swift in Sources */,
				B3ACC0AE20F1421C00D672CD /* basket.swift in Sources */,
				B305860120EF42A8003BEF61 /* ClothesDetailViewController.swift in Sources */,
				B355A59920EE13A700CC4B7A /* CosmosView.swift in Sources */,
				B355A57F20ED537900CC4B7A /* DetailViewController.swift in Sources */,
				B305860820EFB85D003BEF61 /* ClothCompany.swift in Sources */,
				B305861720F093EF003BEF61 /* PageCVCell.swift in Sources */,
				B305860C20EFBEB4003BEF61 /* UIImageView.swift in Sources */,
				B355A59320EE13A700CC4B7A /* CosmosSize.swift in Sources */,
				B305860620EFB79B003BEF61 /* FoodCompany.swift in Sources */,
				B355A59420EE13A700CC4B7A /* CosmosSettings.swift in Sources */,
				B355A59820EE13A700CC4B7A /* RightToLeft.swift in Sources */,
				B355A59E20EE13A700CC4B7A /* StarFillMode.swift in Sources */,
				B355A58120EDEF0E00CC4B7A /* DetailFoodCustomCell.swift in Sources */,
				B3ACC0B420F14EF100D672CD /* BasketsViewController.swift in Sources */,
				B355A57B20ECCDA500CC4B7A /* FoodCustomCell.swift in Sources */,
				B355A59A20EE13A700CC4B7A /* CosmosLocalizedRating.swift in Sources */,
				B305861220F0810E003BEF61 /* SwipingControll.swift in Sources */,
				B3F0ADF320ECC0E80032A5C0 /* AppDelegate.swift in Sources */,
			);
			runOnlyForDeploymentPostprocessing = 0;
		};
		B3F0ADFF20ECC0E80032A5C0 /* Sources */ = {
			isa = PBXSourcesBuildPhase;
			buildActionMask = 2147483647;
			files = (
				B3F0AE0820ECC0E80032A5C0 /* IncubatorUIShopTaskTests.swift in Sources */,
			);
			runOnlyForDeploymentPostprocessing = 0;
		};
		B3F0AE0A20ECC0E80032A5C0 /* Sources */ = {
			isa = PBXSourcesBuildPhase;
			buildActionMask = 2147483647;
			files = (
				B3F0AE1320ECC0E80032A5C0 /* IncubatorUIShopTaskUITests.swift in Sources */,
			);
			runOnlyForDeploymentPostprocessing = 0;
		};
/* End PBXSourcesBuildPhase section */

/* Begin PBXTargetDependency section */
		B3F0AE0520ECC0E80032A5C0 /* PBXTargetDependency */ = {
			isa = PBXTargetDependency;
			target = B3F0ADEE20ECC0E80032A5C0 /* IncubatorUIShopTask */;
			targetProxy = B3F0AE0420ECC0E80032A5C0 /* PBXContainerItemProxy */;
		};
		B3F0AE1020ECC0E80032A5C0 /* PBXTargetDependency */ = {
			isa = PBXTargetDependency;
			target = B3F0ADEE20ECC0E80032A5C0 /* IncubatorUIShopTask */;
			targetProxy = B3F0AE0F20ECC0E80032A5C0 /* PBXContainerItemProxy */;
		};
/* End PBXTargetDependency section */

/* Begin PBXVariantGroup section */
		B3F0ADF620ECC0E80032A5C0 /* Main.storyboard */ = {
			isa = PBXVariantGroup;
			children = (
				B3F0ADF720ECC0E80032A5C0 /* Base */,
			);
			name = Main.storyboard;
			sourceTree = "<group>";
		};
		B3F0ADFB20ECC0E80032A5C0 /* LaunchScreen.storyboard */ = {
			isa = PBXVariantGroup;
			children = (
				B3F0ADFC20ECC0E80032A5C0 /* Base */,
			);
			name = LaunchScreen.storyboard;
			sourceTree = "<group>";
		};
/* End PBXVariantGroup section */

/* Begin XCBuildConfiguration section */
		B3F0AE1520ECC0E80032A5C0 /* Debug */ = {
			isa = XCBuildConfiguration;
			buildSettings = {
				ALWAYS_SEARCH_USER_PATHS = NO;
				CLANG_ANALYZER_NONNULL = YES;
				CLANG_ANALYZER_NUMBER_OBJECT_CONVERSION = YES_AGGRESSIVE;
				CLANG_CXX_LANGUAGE_STANDARD = "gnu++14";
				CLANG_CXX_LIBRARY = "libc++";
				CLANG_ENABLE_MODULES = YES;
				CLANG_ENABLE_OBJC_ARC = YES;
				CLANG_WARN_BLOCK_CAPTURE_AUTORELEASING = YES;
				CLANG_WARN_BOOL_CONVERSION = YES;
				CLANG_WARN_COMMA = YES;
				CLANG_WARN_CONSTANT_CONVERSION = YES;
				CLANG_WARN_DIRECT_OBJC_ISA_USAGE = YES_ERROR;
				CLANG_WARN_DOCUMENTATION_COMMENTS = YES;
				CLANG_WARN_EMPTY_BODY = YES;
				CLANG_WARN_ENUM_CONVERSION = YES;
				CLANG_WARN_INFINITE_RECURSION = YES;
				CLANG_WARN_INT_CONVERSION = YES;
				CLANG_WARN_NON_LITERAL_NULL_CONVERSION = YES;
				CLANG_WARN_OBJC_LITERAL_CONVERSION = YES;
				CLANG_WARN_OBJC_ROOT_CLASS = YES_ERROR;
				CLANG_WARN_RANGE_LOOP_ANALYSIS = YES;
				CLANG_WARN_STRICT_PROTOTYPES = YES;
				CLANG_WARN_SUSPICIOUS_MOVE = YES;
				CLANG_WARN_UNGUARDED_AVAILABILITY = YES_AGGRESSIVE;
				CLANG_WARN_UNREACHABLE_CODE = YES;
				CLANG_WARN__DUPLICATE_METHOD_MATCH = YES;
				CODE_SIGN_IDENTITY = "iPhone Developer";
				COPY_PHASE_STRIP = NO;
				DEBUG_INFORMATION_FORMAT = dwarf;
				ENABLE_STRICT_OBJC_MSGSEND = YES;
				ENABLE_TESTABILITY = YES;
				GCC_C_LANGUAGE_STANDARD = gnu11;
				GCC_DYNAMIC_NO_PIC = NO;
				GCC_NO_COMMON_BLOCKS = YES;
				GCC_OPTIMIZATION_LEVEL = 0;
				GCC_PREPROCESSOR_DEFINITIONS = (
					"DEBUG=1",
					"$(inherited)",
				);
				GCC_WARN_64_TO_32_BIT_CONVERSION = YES;
				GCC_WARN_ABOUT_RETURN_TYPE = YES_ERROR;
				GCC_WARN_UNDECLARED_SELECTOR = YES;
				GCC_WARN_UNINITIALIZED_AUTOS = YES_AGGRESSIVE;
				GCC_WARN_UNUSED_FUNCTION = YES;
				GCC_WARN_UNUSED_VARIABLE = YES;
				IPHONEOS_DEPLOYMENT_TARGET = 11.2;
				MTL_ENABLE_DEBUG_INFO = YES;
				ONLY_ACTIVE_ARCH = YES;
				SDKROOT = iphoneos;
				SWIFT_ACTIVE_COMPILATION_CONDITIONS = DEBUG;
				SWIFT_OPTIMIZATION_LEVEL = "-Onone";
			};
			name = Debug;
		};
		B3F0AE1620ECC0E80032A5C0 /* Release */ = {
			isa = XCBuildConfiguration;
			buildSettings = {
				ALWAYS_SEARCH_USER_PATHS = NO;
				CLANG_ANALYZER_NONNULL = YES;
				CLANG_ANALYZER_NUMBER_OBJECT_CONVERSION = YES_AGGRESSIVE;
				CLANG_CXX_LANGUAGE_STANDARD = "gnu++14";
				CLANG_CXX_LIBRARY = "libc++";
				CLANG_ENABLE_MODULES = YES;
				CLANG_ENABLE_OBJC_ARC = YES;
				CLANG_WARN_BLOCK_CAPTURE_AUTORELEASING = YES;
				CLANG_WARN_BOOL_CONVERSION = YES;
				CLANG_WARN_COMMA = YES;
				CLANG_WARN_CONSTANT_CONVERSION = YES;
				CLANG_WARN_DIRECT_OBJC_ISA_USAGE = YES_ERROR;
				CLANG_WARN_DOCUMENTATION_COMMENTS = YES;
				CLANG_WARN_EMPTY_BODY = YES;
				CLANG_WARN_ENUM_CONVERSION = YES;
				CLANG_WARN_INFINITE_RECURSION = YES;
				CLANG_WARN_INT_CONVERSION = YES;
				CLANG_WARN_NON_LITERAL_NULL_CONVERSION = YES;
				CLANG_WARN_OBJC_LITERAL_CONVERSION = YES;
				CLANG_WARN_OBJC_ROOT_CLASS = YES_ERROR;
				CLANG_WARN_RANGE_LOOP_ANALYSIS = YES;
				CLANG_WARN_STRICT_PROTOTYPES = YES;
				CLANG_WARN_SUSPICIOUS_MOVE = YES;
				CLANG_WARN_UNGUARDED_AVAILABILITY = YES_AGGRESSIVE;
				CLANG_WARN_UNREACHABLE_CODE = YES;
				CLANG_WARN__DUPLICATE_METHOD_MATCH = YES;
				CODE_SIGN_IDENTITY = "iPhone Developer";
				COPY_PHASE_STRIP = NO;
				DEBUG_INFORMATION_FORMAT = "dwarf-with-dsym";
				ENABLE_NS_ASSERTIONS = NO;
				ENABLE_STRICT_OBJC_MSGSEND = YES;
				GCC_C_LANGUAGE_STANDARD = gnu11;
				GCC_NO_COMMON_BLOCKS = YES;
				GCC_WARN_64_TO_32_BIT_CONVERSION = YES;
				GCC_WARN_ABOUT_RETURN_TYPE = YES_ERROR;
				GCC_WARN_UNDECLARED_SELECTOR = YES;
				GCC_WARN_UNINITIALIZED_AUTOS = YES_AGGRESSIVE;
				GCC_WARN_UNUSED_FUNCTION = YES;
				GCC_WARN_UNUSED_VARIABLE = YES;
				IPHONEOS_DEPLOYMENT_TARGET = 11.2;
				MTL_ENABLE_DEBUG_INFO = NO;
				SDKROOT = iphoneos;
				SWIFT_OPTIMIZATION_LEVEL = "-Owholemodule";
				VALIDATE_PRODUCT = YES;
			};
			name = Release;
		};
		B3F0AE1820ECC0E80032A5C0 /* Debug */ = {
			isa = XCBuildConfiguration;
			baseConfigurationReference = 6DE1AA488236313CB0021FE1 /* Pods-IncubatorUIShopTask.debug.xcconfig */;
			buildSettings = {
				ASSETCATALOG_COMPILER_APPICON_NAME = AppIcon;
				CODE_SIGN_STYLE = Automatic;
				DEVELOPMENT_TEAM = CW6JQ269AF;
				INFOPLIST_FILE = IncubatorUIShopTask/Info.plist;
				LD_RUNPATH_SEARCH_PATHS = "$(inherited) @executable_path/Frameworks";
				PRODUCT_BUNDLE_IDENTIFIER = dfsv.IncubatorUIShopTask;
				PRODUCT_NAME = "$(TARGET_NAME)";
				SWIFT_VERSION = 4.0;
				TARGETED_DEVICE_FAMILY = "1,2";
			};
			name = Debug;
		};
		B3F0AE1920ECC0E80032A5C0 /* Release */ = {
			isa = XCBuildConfiguration;
			baseConfigurationReference = BD05A62264414AD727AAAFA3 /* Pods-IncubatorUIShopTask.release.xcconfig */;
			buildSettings = {
				ASSETCATALOG_COMPILER_APPICON_NAME = AppIcon;
				CODE_SIGN_STYLE = Automatic;
				DEVELOPMENT_TEAM = CW6JQ269AF;
				INFOPLIST_FILE = IncubatorUIShopTask/Info.plist;
				LD_RUNPATH_SEARCH_PATHS = "$(inherited) @executable_path/Frameworks";
				PRODUCT_BUNDLE_IDENTIFIER = dfsv.IncubatorUIShopTask;
				PRODUCT_NAME = "$(TARGET_NAME)";
				SWIFT_VERSION = 4.0;
				TARGETED_DEVICE_FAMILY = "1,2";
			};
			name = Release;
		};
		B3F0AE1B20ECC0E80032A5C0 /* Debug */ = {
			isa = XCBuildConfiguration;
			baseConfigurationReference = 19D48EAED7FE94500CFFD030 /* Pods-IncubatorUIShopTaskTests.debug.xcconfig */;
			buildSettings = {
				ALWAYS_EMBED_SWIFT_STANDARD_LIBRARIES = YES;
				BUNDLE_LOADER = "$(TEST_HOST)";
				CODE_SIGN_STYLE = Automatic;
				INFOPLIST_FILE = IncubatorUIShopTaskTests/Info.plist;
				LD_RUNPATH_SEARCH_PATHS = "$(inherited) @executable_path/Frameworks @loader_path/Frameworks";
				PRODUCT_BUNDLE_IDENTIFIER = dfsv.IncubatorUIShopTaskTests;
				PRODUCT_NAME = "$(TARGET_NAME)";
				SWIFT_VERSION = 4.0;
				TARGETED_DEVICE_FAMILY = "1,2";
				TEST_HOST = "$(BUILT_PRODUCTS_DIR)/IncubatorUIShopTask.app/IncubatorUIShopTask";
			};
			name = Debug;
		};
		B3F0AE1C20ECC0E80032A5C0 /* Release */ = {
			isa = XCBuildConfiguration;
			baseConfigurationReference = 0615C333185503E16576D499 /* Pods-IncubatorUIShopTaskTests.release.xcconfig */;
			buildSettings = {
				ALWAYS_EMBED_SWIFT_STANDARD_LIBRARIES = YES;
				BUNDLE_LOADER = "$(TEST_HOST)";
				CODE_SIGN_STYLE = Automatic;
				INFOPLIST_FILE = IncubatorUIShopTaskTests/Info.plist;
				LD_RUNPATH_SEARCH_PATHS = "$(inherited) @executable_path/Frameworks @loader_path/Frameworks";
				PRODUCT_BUNDLE_IDENTIFIER = dfsv.IncubatorUIShopTaskTests;
				PRODUCT_NAME = "$(TARGET_NAME)";
				SWIFT_VERSION = 4.0;
				TARGETED_DEVICE_FAMILY = "1,2";
				TEST_HOST = "$(BUILT_PRODUCTS_DIR)/IncubatorUIShopTask.app/IncubatorUIShopTask";
			};
			name = Release;
		};
		B3F0AE1E20ECC0E80032A5C0 /* Debug */ = {
			isa = XCBuildConfiguration;
			baseConfigurationReference = BD39B2A9C10FD906476E6A06 /* Pods-IncubatorUIShopTaskUITests.debug.xcconfig */;
			buildSettings = {
				ALWAYS_EMBED_SWIFT_STANDARD_LIBRARIES = YES;
				CODE_SIGN_STYLE = Automatic;
				INFOPLIST_FILE = IncubatorUIShopTaskUITests/Info.plist;
				LD_RUNPATH_SEARCH_PATHS = "$(inherited) @executable_path/Frameworks @loader_path/Frameworks";
				PRODUCT_BUNDLE_IDENTIFIER = dfsv.IncubatorUIShopTaskUITests;
				PRODUCT_NAME = "$(TARGET_NAME)";
				SWIFT_VERSION = 4.0;
				TARGETED_DEVICE_FAMILY = "1,2";
				TEST_TARGET_NAME = IncubatorUIShopTask;
			};
			name = Debug;
		};
		B3F0AE1F20ECC0E80032A5C0 /* Release */ = {
			isa = XCBuildConfiguration;
			baseConfigurationReference = 4E23D50A498B38DC3D4C0A4A /* Pods-IncubatorUIShopTaskUITests.release.xcconfig */;
			buildSettings = {
				ALWAYS_EMBED_SWIFT_STANDARD_LIBRARIES = YES;
				CODE_SIGN_STYLE = Automatic;
				INFOPLIST_FILE = IncubatorUIShopTaskUITests/Info.plist;
				LD_RUNPATH_SEARCH_PATHS = "$(inherited) @executable_path/Frameworks @loader_path/Frameworks";
				PRODUCT_BUNDLE_IDENTIFIER = dfsv.IncubatorUIShopTaskUITests;
				PRODUCT_NAME = "$(TARGET_NAME)";
				SWIFT_VERSION = 4.0;
				TARGETED_DEVICE_FAMILY = "1,2";
				TEST_TARGET_NAME = IncubatorUIShopTask;
			};
			name = Release;
		};
/* End XCBuildConfiguration section */

/* Begin XCConfigurationList section */
		B3F0ADEA20ECC0E80032A5C0 /* Build configuration list for PBXProject "IncubatorUIShopTask" */ = {
			isa = XCConfigurationList;
			buildConfigurations = (
				B3F0AE1520ECC0E80032A5C0 /* Debug */,
				B3F0AE1620ECC0E80032A5C0 /* Release */,
			);
			defaultConfigurationIsVisible = 0;
			defaultConfigurationName = Release;
		};
		B3F0AE1720ECC0E80032A5C0 /* Build configuration list for PBXNativeTarget "IncubatorUIShopTask" */ = {
			isa = XCConfigurationList;
			buildConfigurations = (
				B3F0AE1820ECC0E80032A5C0 /* Debug */,
				B3F0AE1920ECC0E80032A5C0 /* Release */,
			);
			defaultConfigurationIsVisible = 0;
			defaultConfigurationName = Release;
		};
		B3F0AE1A20ECC0E80032A5C0 /* Build configuration list for PBXNativeTarget "IncubatorUIShopTaskTests" */ = {
			isa = XCConfigurationList;
			buildConfigurations = (
				B3F0AE1B20ECC0E80032A5C0 /* Debug */,
				B3F0AE1C20ECC0E80032A5C0 /* Release */,
			);
			defaultConfigurationIsVisible = 0;
			defaultConfigurationName = Release;
		};
		B3F0AE1D20ECC0E80032A5C0 /* Build configuration list for PBXNativeTarget "IncubatorUIShopTaskUITests" */ = {
			isa = XCConfigurationList;
			buildConfigurations = (
				B3F0AE1E20ECC0E80032A5C0 /* Debug */,
				B3F0AE1F20ECC0E80032A5C0 /* Release */,
			);
			defaultConfigurationIsVisible = 0;
			defaultConfigurationName = Release;
		};
/* End XCConfigurationList section */
	};
	rootObject = B3F0ADE720ECC0E80032A5C0 /* Project object */;
}
